
Microsoft Visual Studio Solution File, Format Version 12.00
# Visual Studio 15
VisualStudioVersion = 15.0.27428.1
MinimumVisualStudioVersion = 10.0.40219.1
Project("{8BC9CEB8-8B4A-11D0-8D11-00A0C91BC942}") = "project5", "project5.vcxproj", "{F1F9E4DC-5DD3-42F1-943F-2C9A9BAB75C2}"
EndProject
Global
	GlobalSection(SolutionConfigurationPlatforms) = preSolution
		Debug|x64 = Debug|x64
		Debug|x86 = Debug|x86
		Release|x64 = Release|x64
		Release|x86 = Release|x86
	EndGlobalSection
	GlobalSection(ProjectConfigurationPlatforms) = postSolution
		{F1F9E4DC-5DD3-42F1-943F-2C9A9BAB75C2}.Debug|x64.ActiveCfg = Debug|x64
		{F1F9E4DC-5DD3-42F1-943F-2C9A9BAB75C2}.Debug|x64.Build.0 = Debug|x64
		{F1F9E4DC-5DD3-42F1-943F-2C9A9BAB75C2}.Debug|x86.ActiveCfg = Debug|Win32
		{F1F9E4DC-5DD3-42F1-943F-2C9A9BAB75C2}.Debug|x86.Build.0 = Debug|Win32
		{F1F9E4DC-5DD3-42F1-943F-2C9A9BAB75C2}.Release|x64.ActiveCfg = Release|x64
		{F1F9E4DC-5DD3-42F1-943F-2C9A9BAB75C2}.Release|x64.Build.0 = Release|x64
		{F1F9E4DC-5DD3-42F1-943F-2C9A9BAB75C2}.Release|x86.ActiveCfg = Release|Win32
		{F1F9E4DC-5DD3-42F1-943F-2C9A9BAB75C2}.Release|x86.Build.0 = Release|Win32
	EndGlobalSection
	GlobalSection(SolutionProperties) = preSolution
		HideSolutionNode = FALSE
	EndGlobalSection
	GlobalSection(ExtensibilityGlobals) = postSolution
		SolutionGuid = {6184EFB1-A546-4103-A842-C54E517195A3}
	EndGlobalSection
EndGlobal
